
Microsoft Visual Studio Solution File, Format Version 12.00
# Visual Studio Version 16
VisualStudioVersion = 16.0.29424.173
MinimumVisualStudioVersion = 10.0.40219.1
Project("{FAE04EC0-301F-11D3-BF4B-00C04F79EFBC}") = "AllOutGrind", "AllOutGrind\AllOutGrind.csproj", "{78838101-7B06-45A5-A5A4-6C781E9C8B5A}"
EndProject
Global
	GlobalSection(SolutionConfigurationPlatforms) = preSolution
		Debug|Any CPU = Debug|Any CPU
		Release|Any CPU = Release|Any CPU
	EndGlobalSection
	GlobalSection(ProjectConfigurationPlatforms) = postSolution
		{78838101-7B06-45A5-A5A4-6C781E9C8B5A}.Debug|Any CPU.ActiveCfg = Debug|Any CPU
		{78838101-7B06-45A5-A5A4-6C781E9C8B5A}.Debug|Any CPU.Build.0 = Debug|Any CPU
		{78838101-7B06-45A5-A5A4-6C781E9C8B5A}.Release|Any CPU.ActiveCfg = Release|Any CPU
		{78838101-7B06-45A5-A5A4-6C781E9C8B5A}.Release|Any CPU.Build.0 = Release|Any CPU
	EndGlobalSection
	GlobalSection(SolutionProperties) = preSolution
		HideSolutionNode = FALSE
	EndGlobalSection
	GlobalSection(ExtensibilityGlobals) = postSolution
		SolutionGuid = {1E2E76A5-16A8-4236-91DF-74351E385A36}
	EndGlobalSection
EndGlobal
